
Microsoft Visual Studio Solution File, Format Version 12.00
# Visual Studio 15
VisualStudioVersion = 15.0.28307.779
MinimumVisualStudioVersion = 10.0.40219.1
Project("{FAE04EC0-301F-11D3-BF4B-00C04F79EFBC}") = "GAPTechTest.DataAccess", "GAPTechTest.DataAccess\GAPTechTest.DataAccess.csproj", "{8E8CF0C6-2D33-42A5-A53C-AE3FD792E8B5}"
EndProject
Project("{FAE04EC0-301F-11D3-BF4B-00C04F79EFBC}") = "GAPTechTest.Resources", "GAPTechTest.Resources\GAPTechTest.Resources.csproj", "{A1DEF9F8-02DC-4091-B42B-24ED55C981C7}"
EndProject
Project("{FAE04EC0-301F-11D3-BF4B-00C04F79EFBC}") = "GAPTechTest.Services", "GAPTechTest.Services\GAPTechTest.Services.csproj", "{B90A505A-9DD0-4979-BA2C-07DF52F5F51D}"
EndProject
Project("{FAE04EC0-301F-11D3-BF4B-00C04F79EFBC}") = "GAPTechTest.Web", "GAPTechTest.Web\GAPTechTest.Web.csproj", "{AC5DB1BB-0054-4187-BA21-C05DA018E7EB}"
EndProject
Project("{FAE04EC0-301F-11D3-BF4B-00C04F79EFBC}") = "GAPTechTest.Models", "GAPTechTest.Models\GAPTechTest.Models.csproj", "{E27197E8-69B6-426A-8C44-963C7A3C4A33}"
EndProject
Global
	GlobalSection(SolutionConfigurationPlatforms) = preSolution
		Debug|Any CPU = Debug|Any CPU
		Release|Any CPU = Release|Any CPU
	EndGlobalSection
	GlobalSection(ProjectConfigurationPlatforms) = postSolution
		{8E8CF0C6-2D33-42A5-A53C-AE3FD792E8B5}.Debug|Any CPU.ActiveCfg = Debug|Any CPU
		{8E8CF0C6-2D33-42A5-A53C-AE3FD792E8B5}.Debug|Any CPU.Build.0 = Debug|Any CPU
		{8E8CF0C6-2D33-42A5-A53C-AE3FD792E8B5}.Release|Any CPU.ActiveCfg = Release|Any CPU
		{8E8CF0C6-2D33-42A5-A53C-AE3FD792E8B5}.Release|Any CPU.Build.0 = Release|Any CPU
		{A1DEF9F8-02DC-4091-B42B-24ED55C981C7}.Debug|Any CPU.ActiveCfg = Debug|Any CPU
		{A1DEF9F8-02DC-4091-B42B-24ED55C981C7}.Debug|Any CPU.Build.0 = Debug|Any CPU
		{A1DEF9F8-02DC-4091-B42B-24ED55C981C7}.Release|Any CPU.ActiveCfg = Release|Any CPU
		{A1DEF9F8-02DC-4091-B42B-24ED55C981C7}.Release|Any CPU.Build.0 = Release|Any CPU
		{B90A505A-9DD0-4979-BA2C-07DF52F5F51D}.Debug|Any CPU.ActiveCfg = Debug|Any CPU
		{B90A505A-9DD0-4979-BA2C-07DF52F5F51D}.Debug|Any CPU.Build.0 = Debug|Any CPU
		{B90A505A-9DD0-4979-BA2C-07DF52F5F51D}.Release|Any CPU.ActiveCfg = Release|Any CPU
		{B90A505A-9DD0-4979-BA2C-07DF52F5F51D}.Release|Any CPU.Build.0 = Release|Any CPU
		{AC5DB1BB-0054-4187-BA21-C05DA018E7EB}.Debug|Any CPU.ActiveCfg = Debug|Any CPU
		{AC5DB1BB-0054-4187-BA21-C05DA018E7EB}.Debug|Any CPU.Build.0 = Debug|Any CPU
		{AC5DB1BB-0054-4187-BA21-C05DA018E7EB}.Release|Any CPU.ActiveCfg = Release|Any CPU
		{AC5DB1BB-0054-4187-BA21-C05DA018E7EB}.Release|Any CPU.Build.0 = Release|Any CPU
		{E27197E8-69B6-426A-8C44-963C7A3C4A33}.Debug|Any CPU.ActiveCfg = Debug|Any CPU
		{E27197E8-69B6-426A-8C44-963C7A3C4A33}.Debug|Any CPU.Build.0 = Debug|Any CPU
		{E27197E8-69B6-426A-8C44-963C7A3C4A33}.Release|Any CPU.ActiveCfg = Release|Any CPU
		{E27197E8-69B6-426A-8C44-963C7A3C4A33}.Release|Any CPU.Build.0 = Release|Any CPU
	EndGlobalSection
	GlobalSection(SolutionProperties) = preSolution
		HideSolutionNode = FALSE
	EndGlobalSection
	GlobalSection(ExtensibilityGlobals) = postSolution
		SolutionGuid = {709A93F5-EE3D-4510-9539-5A62FB258B9D}
	EndGlobalSection
EndGlobal
